
Microsoft Visual Studio Solution File, Format Version 12.00
# Visual Studio 16
Project("{FAE04EC0-301F-11D3-BF4B-00C04F79EFBC}") = "Assembly-CSharp", "Assembly-CSharp.csproj", "{93F5EA61-029F-006B-437B-995ACA55D815}"
EndProject
Project("{FAE04EC0-301F-11D3-BF4B-00C04F79EFBC}") = "Assembly-CSharp-Editor", "Assembly-CSharp-Editor.csproj", "{6D73C062-1DE8-20C4-E29B-0AEA271840DD}"
EndProject
Global
	GlobalSection(SolutionConfigurationPlatforms) = preSolution
		Debug|Any CPU = Debug|Any CPU
		Release|Any CPU = Release|Any CPU
	EndGlobalSection
	GlobalSection(ProjectConfigurationPlatforms) = postSolution
		{93F5EA61-029F-006B-437B-995ACA55D815}.Debug|Any CPU.ActiveCfg = Debug|Any CPU
		{93F5EA61-029F-006B-437B-995ACA55D815}.Debug|Any CPU.Build.0 = Debug|Any CPU
		{93F5EA61-029F-006B-437B-995ACA55D815}.Release|Any CPU.ActiveCfg = Release|Any CPU
		{93F5EA61-029F-006B-437B-995ACA55D815}.Release|Any CPU.Build.0 = Release|Any CPU
		{6D73C062-1DE8-20C4-E29B-0AEA271840DD}.Debug|Any CPU.ActiveCfg = Debug|Any CPU
		{6D73C062-1DE8-20C4-E29B-0AEA271840DD}.Debug|Any CPU.Build.0 = Debug|Any CPU
		{6D73C062-1DE8-20C4-E29B-0AEA271840DD}.Release|Any CPU.ActiveCfg = Release|Any CPU
		{6D73C062-1DE8-20C4-E29B-0AEA271840DD}.Release|Any CPU.Build.0 = Release|Any CPU
	EndGlobalSection
	GlobalSection(SolutionProperties) = preSolution
		HideSolutionNode = FALSE
	EndGlobalSection
EndGlobal
